
Microsoft Visual Studio Solution File, Format Version 12.00
# Visual Studio 15
VisualStudioVersion = 15.0.28307.489
MinimumVisualStudioVersion = 10.0.40219.1
Project("{FAE04EC0-301F-11D3-BF4B-00C04F79EFBC}") = "AMSAngularProject", "AMSAngularProject\AMSAngularProject.csproj", "{98F06E24-5BBA-456D-A254-BC3BAD109A85}"
EndProject
Global
	GlobalSection(SolutionConfigurationPlatforms) = preSolution
		Debug|Any CPU = Debug|Any CPU
		Release|Any CPU = Release|Any CPU
	EndGlobalSection
	GlobalSection(ProjectConfigurationPlatforms) = postSolution
		{98F06E24-5BBA-456D-A254-BC3BAD109A85}.Debug|Any CPU.ActiveCfg = Debug|Any CPU
		{98F06E24-5BBA-456D-A254-BC3BAD109A85}.Debug|Any CPU.Build.0 = Debug|Any CPU
		{98F06E24-5BBA-456D-A254-BC3BAD109A85}.Release|Any CPU.ActiveCfg = Release|Any CPU
		{98F06E24-5BBA-456D-A254-BC3BAD109A85}.Release|Any CPU.Build.0 = Release|Any CPU
	EndGlobalSection
	GlobalSection(SolutionProperties) = preSolution
		HideSolutionNode = FALSE
	EndGlobalSection
	GlobalSection(ExtensibilityGlobals) = postSolution
		SolutionGuid = {BB16DFBF-E335-4AD0-81AB-56B3CB18607B}
	EndGlobalSection
EndGlobal
